
Microsoft Visual Studio Solution File, Format Version 12.00
# Visual Studio Version 16
VisualStudioVersion = 16.0.29905.134
MinimumVisualStudioVersion = 10.0.40219.1
Project("{FAE04EC0-301F-11D3-BF4B-00C04F79EFBC}") = "CourseProj", "CourseProj\CourseProj.csproj", "{F763AF78-FA37-4E59-A904-CBDC5574ACA0}"
EndProject
Global
	GlobalSection(SolutionConfigurationPlatforms) = preSolution
		Debug|Any CPU = Debug|Any CPU
		Release|Any CPU = Release|Any CPU
	EndGlobalSection
	GlobalSection(ProjectConfigurationPlatforms) = postSolution
		{F763AF78-FA37-4E59-A904-CBDC5574ACA0}.Debug|Any CPU.ActiveCfg = Debug|Any CPU
		{F763AF78-FA37-4E59-A904-CBDC5574ACA0}.Debug|Any CPU.Build.0 = Debug|Any CPU
		{F763AF78-FA37-4E59-A904-CBDC5574ACA0}.Release|Any CPU.ActiveCfg = Release|Any CPU
		{F763AF78-FA37-4E59-A904-CBDC5574ACA0}.Release|Any CPU.Build.0 = Release|Any CPU
	EndGlobalSection
	GlobalSection(SolutionProperties) = preSolution
		HideSolutionNode = FALSE
	EndGlobalSection
	GlobalSection(ExtensibilityGlobals) = postSolution
		SolutionGuid = {C203024C-04F6-456C-BDCF-46D40C444238}
	EndGlobalSection
EndGlobal
